
Microsoft Visual Studio Solution File, Format Version 12.00
# Visual Studio Version 17
VisualStudioVersion = 17.13.35919.96 d17.13
MinimumVisualStudioVersion = 10.0.40219.1
Project("{FAE04EC0-301F-11D3-BF4B-00C04F79EFBC}") = "ASPNETCOREMVC2", "ASPNETCOREMVC2.csproj", "{944C1ED4-8AE7-4B40-89F5-9ED198F3B9FD}"
EndProject
Global
	GlobalSection(SolutionConfigurationPlatforms) = preSolution
		Debug|Any CPU = Debug|Any CPU
		Release|Any CPU = Release|Any CPU
	EndGlobalSection
	GlobalSection(ProjectConfigurationPlatforms) = postSolution
		{944C1ED4-8AE7-4B40-89F5-9ED198F3B9FD}.Debug|Any CPU.ActiveCfg = Debug|Any CPU
		{944C1ED4-8AE7-4B40-89F5-9ED198F3B9FD}.Debug|Any CPU.Build.0 = Debug|Any CPU
		{944C1ED4-8AE7-4B40-89F5-9ED198F3B9FD}.Release|Any CPU.ActiveCfg = Release|Any CPU
		{944C1ED4-8AE7-4B40-89F5-9ED198F3B9FD}.Release|Any CPU.Build.0 = Release|Any CPU
	EndGlobalSection
	GlobalSection(SolutionProperties) = preSolution
		HideSolutionNode = FALSE
	EndGlobalSection
	GlobalSection(ExtensibilityGlobals) = postSolution
		SolutionGuid = {88414F7F-6365-41DE-9986-6E58F325F32A}
	EndGlobalSection
EndGlobal
