
Microsoft Visual Studio Solution File, Format Version 12.00
# Visual Studio Version 17
VisualStudioVersion = 17.13.35919.96 d17.13
MinimumVisualStudioVersion = 10.0.40219.1
Project("{FAE04EC0-301F-11D3-BF4B-00C04F79EFBC}") = "Empleados", "Empleados\Empleados.csproj", "{7FC9E3A0-F4F1-4F82-B85F-92454CF70E4B}"
EndProject
Project("{FAE04EC0-301F-11D3-BF4B-00C04F79EFBC}") = "BibliotecaClase", "BibliotecaClase\BibliotecaClase.csproj", "{D79914FD-F9FA-4A30-A987-227735D21A5D}"
EndProject
Global
	GlobalSection(SolutionConfigurationPlatforms) = preSolution
		Debug|Any CPU = Debug|Any CPU
		Release|Any CPU = Release|Any CPU
	EndGlobalSection
	GlobalSection(ProjectConfigurationPlatforms) = postSolution
		{7FC9E3A0-F4F1-4F82-B85F-92454CF70E4B}.Debug|Any CPU.ActiveCfg = Debug|Any CPU
		{7FC9E3A0-F4F1-4F82-B85F-92454CF70E4B}.Debug|Any CPU.Build.0 = Debug|Any CPU
		{7FC9E3A0-F4F1-4F82-B85F-92454CF70E4B}.Release|Any CPU.ActiveCfg = Release|Any CPU
		{7FC9E3A0-F4F1-4F82-B85F-92454CF70E4B}.Release|Any CPU.Build.0 = Release|Any CPU
		{D79914FD-F9FA-4A30-A987-227735D21A5D}.Debug|Any CPU.ActiveCfg = Debug|Any CPU
		{D79914FD-F9FA-4A30-A987-227735D21A5D}.Debug|Any CPU.Build.0 = Debug|Any CPU
		{D79914FD-F9FA-4A30-A987-227735D21A5D}.Release|Any CPU.ActiveCfg = Release|Any CPU
		{D79914FD-F9FA-4A30-A987-227735D21A5D}.Release|Any CPU.Build.0 = Release|Any CPU
	EndGlobalSection
	GlobalSection(SolutionProperties) = preSolution
		HideSolutionNode = FALSE
	EndGlobalSection
	GlobalSection(ExtensibilityGlobals) = postSolution
		SolutionGuid = {F6FD8C24-63D6-4BEA-AFE1-8D51C7400977}
	EndGlobalSection
EndGlobal
